github.com/TheTitanrain/w32 v0.0.0-20180517000239-4f5cfb03fabf h1:FPsprx82rdrX2jiKyS17BH6IrTmUBYqZa/CXT4uvb+I=
github.com/TheTitanrain/w32 v0.0.0-20180517000239-4f5cfb03fabf/go.mod h1:peYoMncQljjNS6tZwI9WVyQB3qZS6u79/N3mBOcnd3I=
github.com/atotto/clipboard v0.1.4 h1:EH0zSVneZPSuFR11BlR9YppQTVDbh5+16AmcJi4g1z4=
github.com/atotto/clipboard v0.1.4/go.mod h1:ZY9tmq7sm5xIbd9bOK4onWV4S6X0u6GY7Vn0Yu86PYI=
github.com/gen2brain/dlgs v0.0.0-20220603100644-40c77870fa8d h1:dHYKX8CBAs1zSGXm3q3M15CLAEwPEkwrK1ed8FCo+Xo=
github.com/gen2brain/dlgs v0.0.0-20220603100644-40c77870fa8d/go.mod h1:/eFcjDXaU2THSOOqLxOPETIbHETnamk8FA/hMjhg/gU=
github.com/gopherjs/gopherjs v1.20.1 h1:22uLWFvVcxhJ+j3dJ99NNfwGyHynxCmjhYsrcwqbY60=
github.com/gopherjs/gopherjs v1.20.1/go.mod h1:h+FTmmLgbXMmmtuZFp9bUqXciN429Wx0sJEJuMnpyfM=
github.com/sqweek/dialog v0.0.0-20260123140253-64c163d53aac h1:/QqP+ajFMma4hNWQyBDVaQQhz9Z1kDyXScNWMO3owx0=
github.com/sqweek/dialog v0.0.0-20260123140253-64c163d53aac/go.mod h1:/qNPSY91qTz/8TgHEMioAUc6q7+3SOybeKczHMXFcXw=
golang.org/x/sys v0.41.0 h1:Ivj+2Cp/ylzLiEU89QhWblYnOE9zerudt9Ftecq2C6k=
golang.org/x/sys v0.41.0/go.mod h1:OgkHotnGiDImocRcuBABYBEXf8A9a87e/uXjp9XT3ks=
